
Microsoft Visual Studio Solution File, Format Version 12.00
# Visual Studio 15
VisualStudioVersion = 15.0.28307.1000
MinimumVisualStudioVersion = 10.0.40219.1
Project("{F184B08F-C81C-45F6-A57F-5ABD9991F28F}") = "SafePassword", "SafePassword\SafePassword.vbproj", "{A1C31DCB-60CE-491A-9F58-A5E59B15D84F}"
EndProject
Global
	GlobalSection(SolutionConfigurationPlatforms) = preSolution
		Debug|Any CPU = Debug|Any CPU
		Release|Any CPU = Release|Any CPU
	EndGlobalSection
	GlobalSection(ProjectConfigurationPlatforms) = postSolution
		{A1C31DCB-60CE-491A-9F58-A5E59B15D84F}.Debug|Any CPU.ActiveCfg = Debug|Any CPU
		{A1C31DCB-60CE-491A-9F58-A5E59B15D84F}.Debug|Any CPU.Build.0 = Debug|Any CPU
		{A1C31DCB-60CE-491A-9F58-A5E59B15D84F}.Release|Any CPU.ActiveCfg = Release|Any CPU
		{A1C31DCB-60CE-491A-9F58-A5E59B15D84F}.Release|Any CPU.Build.0 = Release|Any CPU
	EndGlobalSection
	GlobalSection(SolutionProperties) = preSolution
		HideSolutionNode = FALSE
	EndGlobalSection
	GlobalSection(ExtensibilityGlobals) = postSolution
		SolutionGuid = {9B25DF21-47A2-4C20-A464-538083A58FEC}
	EndGlobalSection
EndGlobal
